
Microsoft Visual Studio Solution File, Format Version 12.00
# Visual Studio Version 17
VisualStudioVersion = 17.0.32126.317
MinimumVisualStudioVersion = 10.0.40219.1
Project("{9A19103F-16F7-4668-BE54-9A1E7A4F7556}") = "API", "API\API.csproj", "{5FC75F45-BCDC-4C83-9926-7EFB036EB91F}"
EndProject
Global
	GlobalSection(SolutionConfigurationPlatforms) = preSolution
		Debug|Any CPU = Debug|Any CPU
		Release|Any CPU = Release|Any CPU
	EndGlobalSection
	GlobalSection(ProjectConfigurationPlatforms) = postSolution
		{5FC75F45-BCDC-4C83-9926-7EFB036EB91F}.Debug|Any CPU.ActiveCfg = Debug|Any CPU
		{5FC75F45-BCDC-4C83-9926-7EFB036EB91F}.Debug|Any CPU.Build.0 = Debug|Any CPU
		{5FC75F45-BCDC-4C83-9926-7EFB036EB91F}.Release|Any CPU.ActiveCfg = Release|Any CPU
		{5FC75F45-BCDC-4C83-9926-7EFB036EB91F}.Release|Any CPU.Build.0 = Release|Any CPU
	EndGlobalSection
	GlobalSection(SolutionProperties) = preSolution
		HideSolutionNode = FALSE
	EndGlobalSection
	GlobalSection(ExtensibilityGlobals) = postSolution
		SolutionGuid = {18610A48-DEF7-443C-8A22-D136E18A4F10}
	EndGlobalSection
EndGlobal
